
Microsoft Visual Studio Solution File, Format Version 12.00
# Visual Studio Version 16
VisualStudioVersion = 16.0.31613.86
MinimumVisualStudioVersion = 10.0.40219.1
Project("{FAE04EC0-301F-11D3-BF4B-00C04F79EFBC}") = "MiDominicanaApi", "MiDominicanaApi\MiDominicanaApi.csproj", "{76BBF14B-6B51-430D-A982-D7747E4BBF78}"
EndProject
Project("{FAE04EC0-301F-11D3-BF4B-00C04F79EFBC}") = "Test", "Test\Test.csproj", "{83DD1ADF-9CB2-49A8-A1C9-6AEEE377094D}"
EndProject
Global
	GlobalSection(SolutionConfigurationPlatforms) = preSolution
		Debug|Any CPU = Debug|Any CPU
		Release|Any CPU = Release|Any CPU
	EndGlobalSection
	GlobalSection(ProjectConfigurationPlatforms) = postSolution
		{76BBF14B-6B51-430D-A982-D7747E4BBF78}.Debug|Any CPU.ActiveCfg = Debug|Any CPU
		{76BBF14B-6B51-430D-A982-D7747E4BBF78}.Debug|Any CPU.Build.0 = Debug|Any CPU
		{76BBF14B-6B51-430D-A982-D7747E4BBF78}.Release|Any CPU.ActiveCfg = Release|Any CPU
		{76BBF14B-6B51-430D-A982-D7747E4BBF78}.Release|Any CPU.Build.0 = Release|Any CPU
		{83DD1ADF-9CB2-49A8-A1C9-6AEEE377094D}.Debug|Any CPU.ActiveCfg = Debug|Any CPU
		{83DD1ADF-9CB2-49A8-A1C9-6AEEE377094D}.Debug|Any CPU.Build.0 = Debug|Any CPU
		{83DD1ADF-9CB2-49A8-A1C9-6AEEE377094D}.Release|Any CPU.ActiveCfg = Release|Any CPU
		{83DD1ADF-9CB2-49A8-A1C9-6AEEE377094D}.Release|Any CPU.Build.0 = Release|Any CPU
	EndGlobalSection
	GlobalSection(SolutionProperties) = preSolution
		HideSolutionNode = FALSE
	EndGlobalSection
	GlobalSection(ExtensibilityGlobals) = postSolution
		SolutionGuid = {9E481442-74CD-4449-ACEE-DD84663A8A67}
	EndGlobalSection
EndGlobal
